{
  "name": "ifc-clashtrace",
  "version": "0.0.0-g3-core",
  "lockfileVersion": 3,
  "requires": true,
  "packages": {
    "": {
      "name": "ifc-clashtrace",
      "version": "0.0.0-g3-core",
      "dependencies": {
        "three": "0.185.1",
        "three-mesh-bvh": "0.9.14",
        "web-ifc": "0.0.77"
      }
    },
    "node_modules/three": {
      "version": "0.185.1",
      "resolved": "https://registry.npmjs.org/three/-/three-0.185.1.tgz",
      "integrity": "sha512-5aojFCXKwnjBRZvUnt3WFfEcvUJgkN5LlijRFN95hMy8WVkG4I0QNcJE+OuWvuJ0bOdStrbfXn0pkd6/QyiAlg==",
      "license": "MIT"
    },
    "node_modules/three-mesh-bvh": {
      "version": "0.9.14",
      "resolved": "https://registry.npmjs.org/three-mesh-bvh/-/three-mesh-bvh-0.9.14.tgz",
      "integrity": "sha512-xJzfUXnLYjgw5tRKGxjfJW3Pcx0IbwNskvpdwRryhK07SYrKrYB4W8zAaPxu784gK7G4lCBgG+vfG3YeYn95kg==",
      "license": "MIT",
      "peerDependencies": {
        "three": ">= 0.159.0"
      }
    },
    "node_modules/web-ifc": {
      "version": "0.0.77",
      "resolved": "https://registry.npmjs.org/web-ifc/-/web-ifc-0.0.77.tgz",
      "integrity": "sha512-VzQ0W/Iiqbidxn1ECUvz6qJ6p2sXBVNcOsUOBCETzy77psAH6yFLKQm74aXabkx3JH4OvFVHe8k1qS6+Z2zl1w==",
      "license": "MPL-2.0"
    }
  }
}
